version = 1
revision = 3
requires-python = "==3.10.*"

[[package]]
name = "numpy"
version = "2.2.6"
source = { registry = "https://pypi.org/simple" }
sdist = { url = "https://files.pythonhosted.org/packages/76/21/7d2a95e4bba9dc13d043ee156a356c0a8f0c6309dff6b21b4d71a073b8a8/numpy-2.2.6.tar.gz", hash = "sha256:e29554e2bef54a90aa5cc07da6ce955accb83f21ab5de01a62c8478897b264fd", size = 20276440, upload-time = "2025-05-17T22:38:04.611Z" }
wheels = [
    { url = "https://files.pythonhosted.org/packages/9a/3e/ed6db5be21ce87955c0cbd3009f2803f59fa08df21b5df06862e2d8e2bdd/numpy-2.2.6-cp310-cp310-macosx_10_9_x86_64.whl", hash = "sha256:b412caa66f72040e6d268491a59f2c43bf03eb6c96dd8f0307829feb7fa2b6fb", size = 21165245, upload-time = "2025-05-17T21:27:58.555Z" },
    { url = "https://files.pythonhosted.org/packages/22/c2/4b9221495b2a132cc9d2eb862e21d42a009f5a60e45fc44b00118c174bff/numpy-2.2.6-cp310-cp310-macosx_11_0_arm64.whl", hash = "sha256:8e41fd67c52b86603a91c1a505ebaef50b3314de0213461c7a6e99c9a3beff90", size = 14360048, upload-time = "2025-05-17T21:28:21.406Z" },
    { url = "https://files.pythonhosted.org/packages/fd/77/dc2fcfc66943c6410e2bf598062f5959372735ffda175b39906d54f02349/numpy-2.2.6-cp310-cp310-macosx_14_0_arm64.whl", hash = "sha256:37e990a01ae6ec7fe7fa1c26c55ecb672dd98b19c3d0e1d1f326fa13cb38d163", size = 5340542, upload-time = "2025-05-17T21:28:30.931Z" },
    { url = "https://files.pythonhosted.org/packages/7a/4f/1cb5fdc353a5f5cc7feb692db9b8ec2c3d6405453f982435efc52561df58/numpy-2.2.6-cp310-cp310-macosx_14_0_x86_64.whl", hash = "sha256:5a6429d4be8ca66d889b7cf70f536a397dc45ba6faeb5f8c5427935d9592e9cf", size = 6878301, upload-time = "2025-05-17T21:28:41.613Z" },
    { url = "https://files.pythonhosted.org/packages/eb/17/96a3acd228cec142fcb8723bd3cc39c2a474f7dcf0a5d16731980bcafa95/numpy-2.2.6-cp310-cp310-manylinux_2_17_aarch64.manylinux2014_aarch64.whl", hash = "sha256:efd28d4e9cd7d7a8d39074a4d44c63eda73401580c5c76acda2ce969e0a38e83", size = 14297320, upload-time = "2025-05-17T21:29:02.78Z" },
    { url = "https://files.pythonhosted.org/packages/b4/63/3de6a34ad7ad6646ac7d2f55ebc6ad439dbbf9c4370017c50cf403fb19b5/numpy-2.2.6-cp310-cp310-manylinux_2_17_x86_64.manylinux2014_x86_64.whl", hash = "sha256:fc7b73d02efb0e18c000e9ad8b83480dfcd5dfd11065997ed4c6747470ae8915", size = 16801050, upload-time = "2025-05-17T21:29:27.675Z" },
    { url = "https://files.pythonhosted.org/packages/07/b6/89d837eddef52b3d0cec5c6ba0456c1bf1b9ef6a6672fc2b7873c3ec4e2e/numpy-2.2.6-cp310-cp310-musllinux_1_2_aarch64.whl", hash = "sha256:74d4531beb257d2c3f4b261bfb0fc09e0f9ebb8842d82a7b4209415896adc680", size = 15807034, upload-time = "2025-05-17T21:29:51.102Z" },
    { url = "https://files.pythonhosted.org/packages/01/c8/dc6ae86e3c61cfec1f178e5c9f7858584049b6093f843bca541f94120920/numpy-2.2.6-cp310-cp310-musllinux_1_2_x86_64.whl", hash = "sha256:8fc377d995680230e83241d8a96def29f204b5782f371c532579b4f20607a289", size = 18614185, upload-time = "2025-05-17T21:30:18.703Z" },
    { url = "https://files.pythonhosted.org/packages/5b/c5/0064b1b7e7c89137b471ccec1fd2282fceaae0ab3a9550f2568782d80357/numpy-2.2.6-cp310-cp310-win32.whl", hash = "sha256:b093dd74e50a8cba3e873868d9e93a85b78e0daf2e98c6797566ad8044e8363d", size = 6527149, upload-time = "2025-05-17T21:30:29.788Z" },
    { url = "https://files.pythonhosted.org/packages/a3/dd/4b822569d6b96c39d1215dbae0582fd99954dcbcf0c1a13c61783feaca3f/numpy-2.2.6-cp310-cp310-win_amd64.whl", hash = "sha256:f0fd6321b839904e15c46e0d257fdd101dd7f530fe03fd6359c1ea63738703f3", size = 12904620, upload-time = "2025-05-17T21:30:48.994Z" },
    { url = "https://files.pythonhosted.org/packages/9e/3b/d94a75f4dbf1ef5d321523ecac21ef23a3cd2ac8b78ae2aac40873590229/numpy-2.2.6-pp310-pypy310_pp73-macosx_10_15_x86_64.whl", hash = "sha256:0b605b275d7bd0c640cad4e5d30fa701a8d59302e127e5f79138ad62762c3e3d", size = 21040391, upload-time = "2025-05-17T21:44:35.948Z" },
    { url = "https://files.pythonhosted.org/packages/17/f4/09b2fa1b58f0fb4f7c7963a1649c64c4d315752240377ed74d9cd878f7b5/numpy-2.2.6-pp310-pypy310_pp73-macosx_14_0_x86_64.whl", hash = "sha256:7befc596a7dc9da8a337f79802ee8adb30a552a94f792b9c9d18c840055907db", size = 6786754, upload-time = "2025-05-17T21:44:47.446Z" },
    { url = "https://files.pythonhosted.org/packages/af/30/feba75f143bdc868a1cc3f44ccfa6c4b9ec522b36458e738cd00f67b573f/numpy-2.2.6-pp310-pypy310_pp73-manylinux_2_17_x86_64.manylinux2014_x86_64.whl", hash = "sha256:ce47521a4754c8f4593837384bd3424880629f718d87c5d44f8ed763edd63543", size = 16643476, upload-time = "2025-05-17T21:45:11.871Z" },
    { url = "https://files.pythonhosted.org/packages/37/48/ac2a9584402fb6c0cd5b5d1a91dcf176b15760130dd386bbafdbfe3640bf/numpy-2.2.6-pp310-pypy310_pp73-win_amd64.whl", hash = "sha256:d042d24c90c41b54fd506da306759e06e568864df8ec17ccc17e9e884634fd00", size = 12812666, upload-time = "2025-05-17T21:45:31.426Z" },
]

[[package]]
name = "pixelforge"
version = "0.1.0"
source = { editable = "." }
dependencies = [
    { name = "numpy" },
    { name = "pyopengl" },
    { name = "pyside6" },
    { name = "pyyaml" },
]

[package.metadata]
requires-dist = [
    { name = "numpy", specifier = ">=1.26,<3" },
    { name = "pyopengl", specifier = ">=3.1.7" },
    { name = "pyside6", specifier = ">=6.6,<6.9" },
    { name = "pyyaml", specifier = ">=6.0" },
]

[[package]]
name = "pyopengl"
version = "3.1.10"
source = { registry = "https://pypi.org/simple" }
sdist = { url = "https://files.pythonhosted.org/packages/6f/16/912b7225d56284859cd9a672827f18be43f8012f8b7b932bc4bd959a298e/pyopengl-3.1.10.tar.gz", hash = "sha256:c4a02d6866b54eb119c8e9b3fb04fa835a95ab802dd96607ab4cdb0012df8335", size = 1915580, upload-time = "2025-08-18T02:33:01.76Z" }
wheels = [
    { url = "https://files.pythonhosted.org/packages/de/e4/1ba6f44e491c4eece978685230dde56b14d51a0365bc1b774ddaa94d14cd/pyopengl-3.1.10-py3-none-any.whl", hash = "sha256:794a943daced39300879e4e47bd94525280685f42dbb5a998d336cfff151d74f", size = 3194996, upload-time = "2025-08-18T02:32:59.902Z" },
]

[[package]]
name = "pyside6"
version = "6.8.3"
source = { registry = "https://pypi.org/simple" }
dependencies = [
    { name = "pyside6-addons" },
    { name = "pyside6-essentials" },
    { name = "shiboken6" },
]
wheels = [
    { url = "https://files.pythonhosted.org/packages/ef/5f/dc408fb62a99d20e30f930f4de60c7d5c257d25a97baab600dc430f859bf/PySide6-6.8.3-cp39-abi3-macosx_12_0_universal2.whl", hash = "sha256:31f390c961b54067ae41360e5ea3b340ce0e0e5feadea2236c28226d3b37edcc", size = 553886, upload-time = "2025-03-27T12:10:10.147Z" },
    { url = "https://files.pythonhosted.org/packages/f0/00/67c41f7280ed9d1c53a50bdaa5a6050134875341f0be96a58d329fe71ade/PySide6-6.8.3-cp39-abi3-manylinux_2_28_x86_64.whl", hash = "sha256:8e53e2357bfbdee1fa86c48312bf637460a2c26d49e7af0b3fae2e179ccc7052", size = 554788, upload-time = "2025-03-27T12:10:12.514Z" },
    { url = "https://files.pythonhosted.org/packages/99/80/79df5af0f309f75297054caf127e82c6c4e6c3cd237a8abd428d18fe3a16/PySide6-6.8.3-cp39-abi3-manylinux_2_39_aarch64.whl", hash = "sha256:5bf5153cab9484629315f57c56a9ad4b7d075b4dd275f828f7549abf712c590b", size = 554785, upload-time = "2025-03-27T12:10:14.054Z" },
    { url = "https://files.pythonhosted.org/packages/ce/b0/238abab3e005fff130a455ba07e8f1323e624b14e41f70f2f62c6bdc2601/PySide6-6.8.3-cp39-abi3-win_amd64.whl", hash = "sha256:722dc0061d8ef6dbb8c0b99864f21e83a5b49ece1ecb2d0b890840d969e1e461", size = 561080, upload-time = "2025-03-27T12:10:15.467Z" },
]

[[package]]
name = "pyside6-addons"
version = "6.8.3"
source = { registry = "https://pypi.org/simple" }
dependencies = [
    { name = "pyside6-essentials" },
    { name = "shiboken6" },
]
wheels = [
    { url = "https://files.pythonhosted.org/packages/2f/23/fcd006128ecac40284fc218f804a46c52ebc1ad5995f3edb548d296f0d39/PySide6_Addons-6.8.3-cp39-abi3-macosx_12_0_universal2.whl", hash = "sha256:ea46649e40b9e6ab11a0da2da054d3914bff5607a5882885e9c3bc2eef200036", size = 302447038, upload-time = "2025-03-27T12:11:29.671Z" },
    { url = "https://files.pythonhosted.org/packages/49/93/e7c743e7a01e66f22cac4133c320832700b9d15a43d9a46dbd067cc1877e/PySide6_Addons-6.8.3-cp39-abi3-manylinux_2_28_x86_64.whl", hash = "sha256:6983d3b01fad53637bad5360930d5923509c744cc39704f9c1190eb9934e33da", size = 160547187, upload-time = "2025-03-27T12:12:13.027Z" },
    { url = "https://files.pythonhosted.org/packages/c7/5b/51217c90f9292651ef39ec3179bcb7797db1481a8f61138378720b1b91bc/PySide6_Addons-6.8.3-cp39-abi3-manylinux_2_39_aarch64.whl", hash = "sha256:7949a844a40ee10998eb2734e2c06c4c7182dfcd4c21cc4108a6b96655ebe59f", size = 156291508, upload-time = "2025-03-27T12:12:52.071Z" },
    { url = "https://files.pythonhosted.org/packages/77/e8/bbe84519355814166bbb7e867dfc8c7ea0044827d64b6b11c29a7b1a7424/PySide6_Addons-6.8.3-cp39-abi3-win_amd64.whl", hash = "sha256:67548f6db11f4e1b7e4b6efd9c3fc2e8d275188a7b2feac388961128572a6955", size = 127865208, upload-time = "2025-03-27T12:13:24.828Z" },
]

[[package]]
name = "pyside6-essentials"
version = "6.8.3"
source = { registry = "https://pypi.org/simple" }
dependencies = [
    { name = "shiboken6" },
]
wheels = [
    { url = "https://files.pythonhosted.org/packages/ad/74/082381f996baea3d6716d542c2184cb031e63f1cb6d4edca871fe82dd787/PySide6_Essentials-6.8.3-cp39-abi3-macosx_12_0_universal2.whl", hash = "sha256:aa56c135db924ecfaf50088baf32f737d28027419ca5fee67c0c7141b29184e3", size = 134189733, upload-time = "2025-03-27T12:14:00.369Z" },
    { url = "https://files.pythonhosted.org/packages/f0/b2/3205336262bf88d57f01503df81ede2a0b1eecbb2a7d58978a5e5625f7c1/PySide6_Essentials-6.8.3-cp39-abi3-manylinux_2_28_x86_64.whl", hash = "sha256:fd57fa0c886ef99b3844173322c0023ec77cc946a0c9a0cdfbc2ac5c511053c1", size = 95088226, upload-time = "2025-03-27T12:14:25.965Z" },
    { url = "https://files.pythonhosted.org/packages/c9/e9/c5c48563c0436465356dbef44ef0396713c1194c37c7bb4d75c83414b90c/PySide6_Essentials-6.8.3-cp39-abi3-manylinux_2_39_aarch64.whl", hash = "sha256:b4f4823f870b5bed477d6f7b6a3041839b859f70abfd703cf53208c73c2fe4cd", size = 92966444, upload-time = "2025-03-27T12:14:50.946Z" },
    { url = "https://files.pythonhosted.org/packages/8e/0f/5d8c6da7586e57ee032643e0c0e62335ef1a1add1a980160ddd1654f1d8d/PySide6_Essentials-6.8.3-cp39-abi3-win_amd64.whl", hash = "sha256:3c0fae5550aff69f2166f46476c36e0ef56ce73d84829eac4559770b0c034b07", size = 72191029, upload-time = "2025-03-27T12:15:10.425Z" },
]

[[package]]
name = "pyyaml"
version = "6.0.3"
source = { registry = "https://pypi.org/simple" }
sdist = { url = "https://files.pythonhosted.org/packages/05/8e/961c0007c59b8dd7729d542c61a4d537767a59645b82a0b521206e1e25c2/pyyaml-6.0.3.tar.gz", hash = "sha256:d76623373421df22fb4cf8817020cbb7ef15c725b9d5e45f17e189bfc384190f", size = 130960, upload-time = "2025-09-25T21:33:16.546Z" }
wheels = [
    { url = "https://files.pythonhosted.org/packages/f4/a0/39350dd17dd6d6c6507025c0e53aef67a9293a6d37d3511f23ea510d5800/pyyaml-6.0.3-cp310-cp310-macosx_10_13_x86_64.whl", hash = "sha256:214ed4befebe12df36bcc8bc2b64b396ca31be9304b8f59e25c11cf94a4c033b", size = 184227, upload-time = "2025-09-25T21:31:46.04Z" },
    { url = "https://files.pythonhosted.org/packages/05/14/52d505b5c59ce73244f59c7a50ecf47093ce4765f116cdb98286a71eeca2/pyyaml-6.0.3-cp310-cp310-macosx_11_0_arm64.whl", hash = "sha256:02ea2dfa234451bbb8772601d7b8e426c2bfa197136796224e50e35a78777956", size = 174019, upload-time = "2025-09-25T21:31:47.706Z" },
    { url = "https://files.pythonhosted.org/packages/43/f7/0e6a5ae5599c838c696adb4e6330a59f463265bfa1e116cfd1fbb0abaaae/pyyaml-6.0.3-cp310-cp310-manylinux2014_aarch64.manylinux_2_17_aarch64.manylinux_2_28_aarch64.whl", hash = "sha256:b30236e45cf30d2b8e7b3e85881719e98507abed1011bf463a8fa23e9c3e98a8", size = 740646, upload-time = "2025-09-25T21:31:49.21Z" },
    { url = "https://files.pythonhosted.org/packages/2f/3a/61b9db1d28f00f8fd0ae760459a5c4bf1b941baf714e207b6eb0657d2578/pyyaml-6.0.3-cp310-cp310-manylinux2014_s390x.manylinux_2_17_s390x.manylinux_2_28_s390x.whl", hash = "sha256:66291b10affd76d76f54fad28e22e51719ef9ba22b29e1d7d03d6777a9174198", size = 840793, upload-time = "2025-09-25T21:31:50.735Z" },
    { url = "https://files.pythonhosted.org/packages/7a/1e/7acc4f0e74c4b3d9531e24739e0ab832a5edf40e64fbae1a9c01941cabd7/pyyaml-6.0.3-cp310-cp310-manylinux2014_x86_64.manylinux_2_17_x86_64.manylinux_2_28_x86_64.whl", hash = "sha256:9c7708761fccb9397fe64bbc0395abcae8c4bf7b0eac081e12b809bf47700d0b", size = 770293, upload-time = "2025-09-25T21:31:51.828Z" },
    { url = "https://files.pythonhosted.org/packages/8b/ef/abd085f06853af0cd59fa5f913d61a8eab65d7639ff2a658d18a25d6a89d/pyyaml-6.0.3-cp310-cp310-musllinux_1_2_aarch64.whl", hash = "sha256:418cf3f2111bc80e0933b2cd8cd04f286338bb88bdc7bc8e6dd775ebde60b5e0", size = 732872, upload-time = "2025-09-25T21:31:53.282Z" },
    { url = "https://files.pythonhosted.org/packages/1f/15/2bc9c8faf6450a8b3c9fc5448ed869c599c0a74ba2669772b1f3a0040180/pyyaml-6.0.3-cp310-cp310-musllinux_1_2_x86_64.whl", hash = "sha256:5e0b74767e5f8c593e8c9b5912019159ed0533c70051e9cce3e8b6aa699fcd69", size = 758828, upload-time = "2025-09-25T21:31:54.807Z" },
    { url = "https://files.pythonhosted.org/packages/a3/00/531e92e88c00f4333ce359e50c19b8d1de9fe8d581b1534e35ccfbc5f393/pyyaml-6.0.3-cp310-cp310-win32.whl", hash = "sha256:28c8d926f98f432f88adc23edf2e6d4921ac26fb084b028c733d01868d19007e", size = 142415, upload-time = "2025-09-25T21:31:55.885Z" },
    { url = "https://files.pythonhosted.org/packages/2a/fa/926c003379b19fca39dd4634818b00dec6c62d87faf628d1394e137354d4/pyyaml-6.0.3-cp310-cp310-win_amd64.whl", hash = "sha256:bdb2c67c6c1390b63c6ff89f210c8fd09d9a1217a465701eac7316313c915e4c", size = 158561, upload-time = "2025-09-25T21:31:57.406Z" },
]

[[package]]
name = "shiboken6"
version = "6.8.3"
source = { registry = "https://pypi.org/simple" }
wheels = [
    { url = "https://files.pythonhosted.org/packages/e5/89/162c763f2799786e16f9045aa599dcf126e0f5f6a517f1e0251ba0be17e6/shiboken6-6.8.3-cp39-abi3-macosx_12_0_universal2.whl", hash = "sha256:483efc7dd53c69147b8a8ade71f7619c79ffc683efcb1dc4f4cb6c40bb23d29b", size = 402402, upload-time = "2025-03-27T12:07:27.796Z" },
    { url = "https://files.pythonhosted.org/packages/76/a1/f1958c9d00176044ab00464cd89b6969ef3a7d2ed12d316ff1eda3dec88f/shiboken6-6.8.3-cp39-abi3-manylinux_2_28_x86_64.whl", hash = "sha256:295a003466ca2cccf6660e2f2ceb5e6cef4af192a48a196a32d46b6f0c9ec5cb", size = 204730, upload-time = "2025-03-27T12:07:29.773Z" },
    { url = "https://files.pythonhosted.org/packages/a8/8d/48ba0b33953592e54b688f2dceb06274f419f7743a3ea0f4e48faf837652/shiboken6-6.8.3-cp39-abi3-manylinux_2_39_aarch64.whl", hash = "sha256:2b1a41348102952d2a5fbf3630bddd4d44112e18058b5e4cf505e51f2812429d", size = 201025, upload-time = "2025-03-27T12:07:31.272Z" },
    { url = "https://files.pythonhosted.org/packages/aa/29/e77f3fba5337f2d98f977eece0fd24cda6cf7d83be2699514d2ca1d34f6c/shiboken6-6.8.3-cp39-abi3-win_amd64.whl", hash = "sha256:bca3a94513ce9242f7d4bbdca902072a1631888e0aa3a8711a52cc5dbe93588f", size = 1150998, upload-time = "2025-03-27T12:07:33.38Z" },
]
